
Microsoft Visual Studio Solution File, Format Version 12.00
# Visual Studio Version 17
VisualStudioVersion = 17.14.36408.4 d17.14
MinimumVisualStudioVersion = 10.0.40219.1
Project("{FAE04EC0-301F-11D3-BF4B-00C04F79EFBC}") = "Queue", "Queue.csproj", "{E0B355C9-4670-4D60-9B74-32A4D47ECF7C}"
EndProject
Global
	GlobalSection(SolutionConfigurationPlatforms) = preSolution
		Debug|Any CPU = Debug|Any CPU
		Release|Any CPU = Release|Any CPU
	EndGlobalSection
	GlobalSection(ProjectConfigurationPlatforms) = postSolution
		{E0B355C9-4670-4D60-9B74-32A4D47ECF7C}.Debug|Any CPU.ActiveCfg = Debug|Any CPU
		{E0B355C9-4670-4D60-9B74-32A4D47ECF7C}.Debug|Any CPU.Build.0 = Debug|Any CPU
		{E0B355C9-4670-4D60-9B74-32A4D47ECF7C}.Release|Any CPU.ActiveCfg = Release|Any CPU
		{E0B355C9-4670-4D60-9B74-32A4D47ECF7C}.Release|Any CPU.Build.0 = Release|Any CPU
	EndGlobalSection
	GlobalSection(SolutionProperties) = preSolution
		HideSolutionNode = FALSE
	EndGlobalSection
	GlobalSection(ExtensibilityGlobals) = postSolution
		SolutionGuid = {7F0A3774-33E7-4245-AEDC-0D24285F8F14}
	EndGlobalSection
EndGlobal
